
Microsoft Visual Studio Solution File, Format Version 12.00
# Visual Studio Version 17
VisualStudioVersion = 17.3.32819.101
MinimumVisualStudioVersion = 10.0.40219.1
Project("{9A19103F-16F7-4668-BE54-9A1E7A4F7556}") = "Business", "Business\Business.csproj", "{7B0A499F-68F2-4CD0-9088-011B5F7C1819}"
EndProject
Project("{9A19103F-16F7-4668-BE54-9A1E7A4F7556}") = "Core", "Core\Core.csproj", "{B8875EC5-581A-4F9E-B08C-5D79BAF8BD75}"
EndProject
Project("{9A19103F-16F7-4668-BE54-9A1E7A4F7556}") = "DataAccess", "DataAccess\DataAccess.csproj", "{3820C24F-7F87-4CD5-94AC-91D61A60ADBB}"
EndProject
Project("{9A19103F-16F7-4668-BE54-9A1E7A4F7556}") = "Entities", "Entities\Entities.csproj", "{4BE621AE-9359-4950-822B-012459956386}"
EndProject
Project("{FAE04EC0-301F-11D3-BF4B-00C04F79EFBC}") = "ASPUI", "ASPUI\ASPUI.csproj", "{EC41972C-533C-466A-AA52-21E5BD8D6B33}"
EndProject
Global
	GlobalSection(SolutionConfigurationPlatforms) = preSolution
		Debug|Any CPU = Debug|Any CPU
		Release|Any CPU = Release|Any CPU
	EndGlobalSection
	GlobalSection(ProjectConfigurationPlatforms) = postSolution
		{7B0A499F-68F2-4CD0-9088-011B5F7C1819}.Debug|Any CPU.ActiveCfg = Debug|Any CPU
		{7B0A499F-68F2-4CD0-9088-011B5F7C1819}.Debug|Any CPU.Build.0 = Debug|Any CPU
		{7B0A499F-68F2-4CD0-9088-011B5F7C1819}.Release|Any CPU.ActiveCfg = Release|Any CPU
		{7B0A499F-68F2-4CD0-9088-011B5F7C1819}.Release|Any CPU.Build.0 = Release|Any CPU
		{B8875EC5-581A-4F9E-B08C-5D79BAF8BD75}.Debug|Any CPU.ActiveCfg = Debug|Any CPU
		{B8875EC5-581A-4F9E-B08C-5D79BAF8BD75}.Debug|Any CPU.Build.0 = Debug|Any CPU
		{B8875EC5-581A-4F9E-B08C-5D79BAF8BD75}.Release|Any CPU.ActiveCfg = Release|Any CPU
		{B8875EC5-581A-4F9E-B08C-5D79BAF8BD75}.Release|Any CPU.Build.0 = Release|Any CPU
		{3820C24F-7F87-4CD5-94AC-91D61A60ADBB}.Debug|Any CPU.ActiveCfg = Debug|Any CPU
		{3820C24F-7F87-4CD5-94AC-91D61A60ADBB}.Debug|Any CPU.Build.0 = Debug|Any CPU
		{3820C24F-7F87-4CD5-94AC-91D61A60ADBB}.Release|Any CPU.ActiveCfg = Release|Any CPU
		{3820C24F-7F87-4CD5-94AC-91D61A60ADBB}.Release|Any CPU.Build.0 = Release|Any CPU
		{4BE621AE-9359-4950-822B-012459956386}.Debug|Any CPU.ActiveCfg = Debug|Any CPU
		{4BE621AE-9359-4950-822B-012459956386}.Debug|Any CPU.Build.0 = Debug|Any CPU
		{4BE621AE-9359-4950-822B-012459956386}.Release|Any CPU.ActiveCfg = Release|Any CPU
		{4BE621AE-9359-4950-822B-012459956386}.Release|Any CPU.Build.0 = Release|Any CPU
		{EC41972C-533C-466A-AA52-21E5BD8D6B33}.Debug|Any CPU.ActiveCfg = Debug|Any CPU
		{EC41972C-533C-466A-AA52-21E5BD8D6B33}.Debug|Any CPU.Build.0 = Debug|Any CPU
		{EC41972C-533C-466A-AA52-21E5BD8D6B33}.Release|Any CPU.ActiveCfg = Release|Any CPU
		{EC41972C-533C-466A-AA52-21E5BD8D6B33}.Release|Any CPU.Build.0 = Release|Any CPU
	EndGlobalSection
	GlobalSection(SolutionProperties) = preSolution
		HideSolutionNode = FALSE
	EndGlobalSection
	GlobalSection(ExtensibilityGlobals) = postSolution
		SolutionGuid = {3304DC7E-A264-46A6-A8F7-B4D7D9CBC183}
	EndGlobalSection
EndGlobal
